
Microsoft Visual Studio Solution File, Format Version 12.00
# Visual Studio Version 16
VisualStudioVersion = 16.0.29519.87
MinimumVisualStudioVersion = 10.0.40219.1
Project("{FAE04EC0-301F-11D3-BF4B-00C04F79EFBC}") = "BulbaCourses.Web", "BulbaCourses.Web\BulbaCourses.Web.csproj", "{B1F4A35F-4B42-4448-9577-CFD2E1EF83F8}"
EndProject
Project("{2150E333-8FDC-42A3-9474-1A3956D46DE8}") = "Projects", "Projects", "{7D228997-A288-4517-8099-228414C63D57}"
EndProject
Project("{2150E333-8FDC-42A3-9474-1A3956D46DE8}") = "Global_Admin_Users", "Global_Admin_Users", "{24B96E9F-A0FE-46D5-9465-441556C721EF}"
EndProject
Project("{FAE04EC0-301F-11D3-BF4B-00C04F79EFBC}") = "BulbaCourses.GlobalAdminUsers.Web", "GlobalAdminUsers\BulbaCourses.GlobalAdminUsers.Web.csproj", "{EB17FD82-177C-4E6C-92B6-2AD0BB7C95C1}"
EndProject
Project("{2150E333-8FDC-42A3-9474-1A3956D46DE8}") = "Youtube", "Youtube", "{CEF33061-8E8C-41CB-936E-EA8D37BF6540}"
EndProject
Project("{FAE04EC0-301F-11D3-BF4B-00C04F79EFBC}") = "BulbaCourses.Youtube.Web", "BulbaCourses.Youtube.Web\BulbaCourses.Youtube.Web.csproj", "{23092271-E8E3-47BC-B926-D2058FD4BE7F}"
EndProject
Project("{2150E333-8FDC-42A3-9474-1A3956D46DE8}") = "Analytics", "Analytics", "{99D812B3-957C-411B-A862-81A6CF59FDA8}"
EndProject
Project("{FAE04EC0-301F-11D3-BF4B-00C04F79EFBC}") = "BulbaCourses.Analytics.Web", "BulbaCourses.Analytics.Web\BulbaCourses.Analytics.Web.csproj", "{FA1A4ACD-BDA4-495E-80F4-38979495D414}"
EndProject
Project("{2150E333-8FDC-42A3-9474-1A3956D46DE8}") = "GlobalSearch", "GlobalSearch", "{C611C702-E943-405F-8102-D0CA32E52F44}"
EndProject
Project("{FAE04EC0-301F-11D3-BF4B-00C04F79EFBC}") = "BulbaCourses.GlobalSearch.Web", "..\BulbaCourses.GlobalSearch.Web\BulbaCourses.GlobalSearch.Web.csproj", "{D1BAEFAE-7004-445B-A3F4-9AA0A488772A}"
EndProject
Project("{2150E333-8FDC-42A3-9474-1A3956D46DE8}") = "DiscountAggregator", "DiscountAggregator", "{ABB7FB4C-6AC4-475A-9F64-5F960BDE0E1F}"
EndProject
Project("{FAE04EC0-301F-11D3-BF4B-00C04F79EFBC}") = "BulbaCourses.DiscountAggregator.Web", "BulbaCourses.DiscountAggregator.Web\BulbaCourses.DiscountAggregator.Web.csproj", "{B68EE870-C1D6-4757-B1B4-72FB7942C178}"
EndProject
Project("{2150E333-8FDC-42A3-9474-1A3956D46DE8}") = "Video", "Video", "{01F60791-46CA-403F-A2B1-8CEA6E7A5DC9}"
EndProject
Project("{FAE04EC0-301F-11D3-BF4B-00C04F79EFBC}") = "BulbaCourse.Video.Web", "..\BulbaCourse.Video.Web\BulbaCourse.Video.Web.csproj", "{E7A96DF3-82D8-401C-8971-E901CF8431D9}"
EndProject
Project("{2150E333-8FDC-42A3-9474-1A3956D46DE8}") = "PracticalMaterialsTasks", "PracticalMaterialsTasks", "{601CB2CE-FBD0-48DF-8450-E4BF5B0D1185}"
EndProject
Project("{FAE04EC0-301F-11D3-BF4B-00C04F79EFBC}") = "BulbaCourses.PracticalMaterialsTasks.Web", "BulbaCourses.PracticalMaterialsTasks.Web\BulbaCourses.PracticalMaterialsTasks.Web.csproj", "{561B18DC-239A-42A7-B9DB-84E7ADCB6B72}"
EndProject
Project("{2150E333-8FDC-42A3-9474-1A3956D46DE8}") = "TextMaterials_Presentations", "TextMaterials_Presentations", "{D5D6A0D1-A27A-402B-8D0C-F9BE0804133E}"
EndProject
Project("{FAE04EC0-301F-11D3-BF4B-00C04F79EFBC}") = "BulbaCourses.TextMaterials_Presentations.Web", "BulbaCourses.TextMaterials_Presentations.Web\BulbaCourses.TextMaterials_Presentations.Web.csproj", "{DAE8514E-3D8F-49AC-8418-DFA1984226CD}"
EndProject
Project("{FAE04EC0-301F-11D3-BF4B-00C04F79EFBC}") = "BulbaCourses.GlobalAdminUser.Web", "..\BulbaCourses.GlobalAdminUser.Web\BulbaCourses.GlobalAdminUser.Web.csproj", "{006B24D6-2060-4273-8A08-CE5BF77094DF}"
EndProject
Project("{FAE04EC0-301F-11D3-BF4B-00C04F79EFBC}") = "BulbaCourses.TextMaterials_Presentations_Tests", "TextMaterials_Presentations_Tests\BulbaCourses.TextMaterials_Presentations_Tests.csproj", "{19D5EAFA-B00F-40A0-9C36-0B283BF3A6BC}"
EndProject
Project("{2150E333-8FDC-42A3-9474-1A3956D46DE8}") = "Podcasts", "Podcasts", "{69BEDF67-2025-4137-ABB3-67DC4F29B55D}"
EndProject
Project("{FAE04EC0-301F-11D3-BF4B-00C04F79EFBC}") = "BulbaCourses.Podcasts.Web", "..\BulbaCourses.Podcasts.Web\BulbaCourses.Podcasts.Web.csproj", "{EB66B559-66F7-4A2D-A665-5724C4BF7C47}"
EndProject
Project("{FAE04EC0-301F-11D3-BF4B-00C04F79EFBC}") = "BulbaCourse.Video.Logic", "..\BulbaCourse.Video.Logic\BulbaCourse.Video.Logic.csproj", "{75848CD2-8042-46C8-B14D-3D7B8878FE1B}"
EndProject
Project("{FAE04EC0-301F-11D3-BF4B-00C04F79EFBC}") = "BulbaCourse.Video.Data", "..\BulbaCourse.Video.Data\BulbaCourse.Video.Data.csproj", "{624F93A8-CA36-44F1-B3F3-E2BB887CE784}"
EndProject
Project("{FAE04EC0-301F-11D3-BF4B-00C04F79EFBC}") = "BulbaCourses.Youtube.Web.DataAccess", "BulbaCourses.Youtube.Web.DataAccess\BulbaCourses.Youtube.Web.DataAccess.csproj", "{6B9F7A0D-E6EF-4218-8823-5431700500F5}"
EndProject
Project("{FAE04EC0-301F-11D3-BF4B-00C04F79EFBC}") = "BulbaCourses.Youtube.Web.Logic", "BulbaCourses.Youtube.Web.Logic\BulbaCourses.Youtube.Web.Logic.csproj", "{578FF0D7-D576-4C6B-863F-128B3836C0BB}"
EndProject
Project("{FAE04EC0-301F-11D3-BF4B-00C04F79EFBC}") = "BulbaCourses.Youtube.Web.Tests", "BulbaCourses.Youtube.Web.Tests\BulbaCourses.Youtube.Web.Tests.csproj", "{ADEDAA35-C807-48CB-8A37-343C3B751112}"
EndProject
Project("{FAE04EC0-301F-11D3-BF4B-00C04F79EFBC}") = "BulbaCourses.TextMaterials_Presentations.Logic", "BulbaCourses.TextMaterials_Presentations.Logic\BulbaCourses.TextMaterials_Presentations.Logic.csproj", "{6335F50B-20DF-493F-AFB0-02B09123521F}"
EndProject
Project("{FAE04EC0-301F-11D3-BF4B-00C04F79EFBC}") = "BulbaCourses.TextMaterials_Presentations.Data", "BulbaCourses.TextMaterials_Presentations.Data\BulbaCourses.TextMaterials_Presentations.Data.csproj", "{829CFF17-45EB-489F-A56D-FF3A4B4EFD42}"
EndProject
Global
	GlobalSection(SolutionConfigurationPlatforms) = preSolution
		Debug|Any CPU = Debug|Any CPU
		Release|Any CPU = Release|Any CPU
	EndGlobalSection
	GlobalSection(ProjectConfigurationPlatforms) = postSolution
		{B1F4A35F-4B42-4448-9577-CFD2E1EF83F8}.Debug|Any CPU.ActiveCfg = Debug|Any CPU
		{B1F4A35F-4B42-4448-9577-CFD2E1EF83F8}.Debug|Any CPU.Build.0 = Debug|Any CPU
		{B1F4A35F-4B42-4448-9577-CFD2E1EF83F8}.Release|Any CPU.ActiveCfg = Release|Any CPU
		{B1F4A35F-4B42-4448-9577-CFD2E1EF83F8}.Release|Any CPU.Build.0 = Release|Any CPU
		{EB17FD82-177C-4E6C-92B6-2AD0BB7C95C1}.Debug|Any CPU.ActiveCfg = Debug|Any CPU
		{EB17FD82-177C-4E6C-92B6-2AD0BB7C95C1}.Debug|Any CPU.Build.0 = Debug|Any CPU
		{EB17FD82-177C-4E6C-92B6-2AD0BB7C95C1}.Release|Any CPU.ActiveCfg = Release|Any CPU
		{EB17FD82-177C-4E6C-92B6-2AD0BB7C95C1}.Release|Any CPU.Build.0 = Release|Any CPU
		{23092271-E8E3-47BC-B926-D2058FD4BE7F}.Debug|Any CPU.ActiveCfg = Debug|Any CPU
		{23092271-E8E3-47BC-B926-D2058FD4BE7F}.Debug|Any CPU.Build.0 = Debug|Any CPU
		{23092271-E8E3-47BC-B926-D2058FD4BE7F}.Release|Any CPU.ActiveCfg = Release|Any CPU
		{23092271-E8E3-47BC-B926-D2058FD4BE7F}.Release|Any CPU.Build.0 = Release|Any CPU
		{FA1A4ACD-BDA4-495E-80F4-38979495D414}.Debug|Any CPU.ActiveCfg = Debug|Any CPU
		{FA1A4ACD-BDA4-495E-80F4-38979495D414}.Debug|Any CPU.Build.0 = Debug|Any CPU
		{FA1A4ACD-BDA4-495E-80F4-38979495D414}.Release|Any CPU.ActiveCfg = Release|Any CPU
		{FA1A4ACD-BDA4-495E-80F4-38979495D414}.Release|Any CPU.Build.0 = Release|Any CPU
		{D1BAEFAE-7004-445B-A3F4-9AA0A488772A}.Debug|Any CPU.ActiveCfg = Debug|Any CPU
		{D1BAEFAE-7004-445B-A3F4-9AA0A488772A}.Debug|Any CPU.Build.0 = Debug|Any CPU
		{D1BAEFAE-7004-445B-A3F4-9AA0A488772A}.Release|Any CPU.ActiveCfg = Release|Any CPU
		{D1BAEFAE-7004-445B-A3F4-9AA0A488772A}.Release|Any CPU.Build.0 = Release|Any CPU
		{B68EE870-C1D6-4757-B1B4-72FB7942C178}.Debug|Any CPU.ActiveCfg = Debug|Any CPU
		{B68EE870-C1D6-4757-B1B4-72FB7942C178}.Debug|Any CPU.Build.0 = Debug|Any CPU
		{B68EE870-C1D6-4757-B1B4-72FB7942C178}.Release|Any CPU.ActiveCfg = Release|Any CPU
		{B68EE870-C1D6-4757-B1B4-72FB7942C178}.Release|Any CPU.Build.0 = Release|Any CPU
		{E7A96DF3-82D8-401C-8971-E901CF8431D9}.Debug|Any CPU.ActiveCfg = Debug|Any CPU
		{E7A96DF3-82D8-401C-8971-E901CF8431D9}.Debug|Any CPU.Build.0 = Debug|Any CPU
		{E7A96DF3-82D8-401C-8971-E901CF8431D9}.Release|Any CPU.ActiveCfg = Release|Any CPU
		{E7A96DF3-82D8-401C-8971-E901CF8431D9}.Release|Any CPU.Build.0 = Release|Any CPU
		{561B18DC-239A-42A7-B9DB-84E7ADCB6B72}.Debug|Any CPU.ActiveCfg = Debug|Any CPU
		{561B18DC-239A-42A7-B9DB-84E7ADCB6B72}.Debug|Any CPU.Build.0 = Debug|Any CPU
		{561B18DC-239A-42A7-B9DB-84E7ADCB6B72}.Release|Any CPU.ActiveCfg = Release|Any CPU
		{561B18DC-239A-42A7-B9DB-84E7ADCB6B72}.Release|Any CPU.Build.0 = Release|Any CPU
		{DAE8514E-3D8F-49AC-8418-DFA1984226CD}.Debug|Any CPU.ActiveCfg = Debug|Any CPU
		{DAE8514E-3D8F-49AC-8418-DFA1984226CD}.Debug|Any CPU.Build.0 = Debug|Any CPU
		{DAE8514E-3D8F-49AC-8418-DFA1984226CD}.Release|Any CPU.ActiveCfg = Release|Any CPU
		{DAE8514E-3D8F-49AC-8418-DFA1984226CD}.Release|Any CPU.Build.0 = Release|Any CPU
		{006B24D6-2060-4273-8A08-CE5BF77094DF}.Debug|Any CPU.ActiveCfg = Debug|Any CPU
		{006B24D6-2060-4273-8A08-CE5BF77094DF}.Debug|Any CPU.Build.0 = Debug|Any CPU
		{006B24D6-2060-4273-8A08-CE5BF77094DF}.Release|Any CPU.ActiveCfg = Release|Any CPU
		{006B24D6-2060-4273-8A08-CE5BF77094DF}.Release|Any CPU.Build.0 = Release|Any CPU
		{19D5EAFA-B00F-40A0-9C36-0B283BF3A6BC}.Debug|Any CPU.ActiveCfg = Debug|Any CPU
		{19D5EAFA-B00F-40A0-9C36-0B283BF3A6BC}.Debug|Any CPU.Build.0 = Debug|Any CPU
		{19D5EAFA-B00F-40A0-9C36-0B283BF3A6BC}.Release|Any CPU.ActiveCfg = Release|Any CPU
		{19D5EAFA-B00F-40A0-9C36-0B283BF3A6BC}.Release|Any CPU.Build.0 = Release|Any CPU
		{EB66B559-66F7-4A2D-A665-5724C4BF7C47}.Debug|Any CPU.ActiveCfg = Debug|Any CPU
		{EB66B559-66F7-4A2D-A665-5724C4BF7C47}.Debug|Any CPU.Build.0 = Debug|Any CPU
		{EB66B559-66F7-4A2D-A665-5724C4BF7C47}.Release|Any CPU.ActiveCfg = Release|Any CPU
		{EB66B559-66F7-4A2D-A665-5724C4BF7C47}.Release|Any CPU.Build.0 = Release|Any CPU
		{75848CD2-8042-46C8-B14D-3D7B8878FE1B}.Debug|Any CPU.ActiveCfg = Debug|Any CPU
		{75848CD2-8042-46C8-B14D-3D7B8878FE1B}.Debug|Any CPU.Build.0 = Debug|Any CPU
		{75848CD2-8042-46C8-B14D-3D7B8878FE1B}.Release|Any CPU.ActiveCfg = Release|Any CPU
		{75848CD2-8042-46C8-B14D-3D7B8878FE1B}.Release|Any CPU.Build.0 = Release|Any CPU
		{624F93A8-CA36-44F1-B3F3-E2BB887CE784}.Debug|Any CPU.ActiveCfg = Debug|Any CPU
		{624F93A8-CA36-44F1-B3F3-E2BB887CE784}.Debug|Any CPU.Build.0 = Debug|Any CPU
		{624F93A8-CA36-44F1-B3F3-E2BB887CE784}.Release|Any CPU.ActiveCfg = Release|Any CPU
		{624F93A8-CA36-44F1-B3F3-E2BB887CE784}.Release|Any CPU.Build.0 = Release|Any CPU
		{EB66B559-66F7-4A2D-A665-5724C4BF7C47}.Debug|Any CPU.ActiveCfg = Debug|Any CPU
		{EB66B559-66F7-4A2D-A665-5724C4BF7C47}.Debug|Any CPU.Build.0 = Debug|Any CPU
		{EB66B559-66F7-4A2D-A665-5724C4BF7C47}.Release|Any CPU.ActiveCfg = Release|Any CPU
		{EB66B559-66F7-4A2D-A665-5724C4BF7C47}.Release|Any CPU.Build.0 = Release|Any CPU
		{6B9F7A0D-E6EF-4218-8823-5431700500F5}.Debug|Any CPU.ActiveCfg = Debug|Any CPU
		{6B9F7A0D-E6EF-4218-8823-5431700500F5}.Debug|Any CPU.Build.0 = Debug|Any CPU
		{6B9F7A0D-E6EF-4218-8823-5431700500F5}.Release|Any CPU.ActiveCfg = Release|Any CPU
		{6B9F7A0D-E6EF-4218-8823-5431700500F5}.Release|Any CPU.Build.0 = Release|Any CPU
		{578FF0D7-D576-4C6B-863F-128B3836C0BB}.Debug|Any CPU.ActiveCfg = Debug|Any CPU
		{578FF0D7-D576-4C6B-863F-128B3836C0BB}.Debug|Any CPU.Build.0 = Debug|Any CPU
		{578FF0D7-D576-4C6B-863F-128B3836C0BB}.Release|Any CPU.ActiveCfg = Release|Any CPU
		{578FF0D7-D576-4C6B-863F-128B3836C0BB}.Release|Any CPU.Build.0 = Release|Any CPU
		{ADEDAA35-C807-48CB-8A37-343C3B751112}.Debug|Any CPU.ActiveCfg = Debug|Any CPU
		{ADEDAA35-C807-48CB-8A37-343C3B751112}.Debug|Any CPU.Build.0 = Debug|Any CPU
		{ADEDAA35-C807-48CB-8A37-343C3B751112}.Release|Any CPU.ActiveCfg = Release|Any CPU
		{ADEDAA35-C807-48CB-8A37-343C3B751112}.Release|Any CPU.Build.0 = Release|Any CPU
		{6335F50B-20DF-493F-AFB0-02B09123521F}.Debug|Any CPU.ActiveCfg = Debug|Any CPU
		{6335F50B-20DF-493F-AFB0-02B09123521F}.Debug|Any CPU.Build.0 = Debug|Any CPU
		{6335F50B-20DF-493F-AFB0-02B09123521F}.Release|Any CPU.ActiveCfg = Release|Any CPU
		{6335F50B-20DF-493F-AFB0-02B09123521F}.Release|Any CPU.Build.0 = Release|Any CPU
		{829CFF17-45EB-489F-A56D-FF3A4B4EFD42}.Debug|Any CPU.ActiveCfg = Debug|Any CPU
		{829CFF17-45EB-489F-A56D-FF3A4B4EFD42}.Debug|Any CPU.Build.0 = Debug|Any CPU
		{829CFF17-45EB-489F-A56D-FF3A4B4EFD42}.Release|Any CPU.ActiveCfg = Release|Any CPU
		{829CFF17-45EB-489F-A56D-FF3A4B4EFD42}.Release|Any CPU.Build.0 = Release|Any CPU
	EndGlobalSection
	GlobalSection(SolutionProperties) = preSolution
		HideSolutionNode = FALSE
	EndGlobalSection
	GlobalSection(NestedProjects) = preSolution
		{EB17FD82-177C-4E6C-92B6-2AD0BB7C95C1} = {24B96E9F-A0FE-46D5-9465-441556C721EF}
		{23092271-E8E3-47BC-B926-D2058FD4BE7F} = {CEF33061-8E8C-41CB-936E-EA8D37BF6540}
		{FA1A4ACD-BDA4-495E-80F4-38979495D414} = {99D812B3-957C-411B-A862-81A6CF59FDA8}
		{D1BAEFAE-7004-445B-A3F4-9AA0A488772A} = {C611C702-E943-405F-8102-D0CA32E52F44}
		{B68EE870-C1D6-4757-B1B4-72FB7942C178} = {ABB7FB4C-6AC4-475A-9F64-5F960BDE0E1F}
		{E7A96DF3-82D8-401C-8971-E901CF8431D9} = {01F60791-46CA-403F-A2B1-8CEA6E7A5DC9}
		{561B18DC-239A-42A7-B9DB-84E7ADCB6B72} = {601CB2CE-FBD0-48DF-8450-E4BF5B0D1185}
		{DAE8514E-3D8F-49AC-8418-DFA1984226CD} = {D5D6A0D1-A27A-402B-8D0C-F9BE0804133E}
		{006B24D6-2060-4273-8A08-CE5BF77094DF} = {24B96E9F-A0FE-46D5-9465-441556C721EF}
		{19D5EAFA-B00F-40A0-9C36-0B283BF3A6BC} = {D5D6A0D1-A27A-402B-8D0C-F9BE0804133E}
		{EB66B559-66F7-4A2D-A665-5724C4BF7C47} = {69BEDF67-2025-4137-ABB3-67DC4F29B55D}
		{75848CD2-8042-46C8-B14D-3D7B8878FE1B} = {01F60791-46CA-403F-A2B1-8CEA6E7A5DC9}
		{624F93A8-CA36-44F1-B3F3-E2BB887CE784} = {01F60791-46CA-403F-A2B1-8CEA6E7A5DC9}
		{EB66B559-66F7-4A2D-A665-5724C4BF7C47} = {69BEDF67-2025-4137-ABB3-67DC4F29B55D}
		{6B9F7A0D-E6EF-4218-8823-5431700500F5} = {CEF33061-8E8C-41CB-936E-EA8D37BF6540}
		{578FF0D7-D576-4C6B-863F-128B3836C0BB} = {CEF33061-8E8C-41CB-936E-EA8D37BF6540}
		{ADEDAA35-C807-48CB-8A37-343C3B751112} = {CEF33061-8E8C-41CB-936E-EA8D37BF6540}
		{6335F50B-20DF-493F-AFB0-02B09123521F} = {D5D6A0D1-A27A-402B-8D0C-F9BE0804133E}
		{829CFF17-45EB-489F-A56D-FF3A4B4EFD42} = {D5D6A0D1-A27A-402B-8D0C-F9BE0804133E}
	EndGlobalSection
	GlobalSection(ExtensibilityGlobals) = postSolution
		SolutionGuid = {248D477B-280A-4E13-9AB8-4D9093A4EBF1}
	EndGlobalSection
EndGlobal
