
Microsoft Visual Studio Solution File, Format Version 12.00
# Visual Studio Version 16
VisualStudioVersion = 16.0.29509.3
MinimumVisualStudioVersion = 10.0.40219.1
Project("{FAE04EC0-301F-11D3-BF4B-00C04F79EFBC}") = "BulbaCourses.Web", "BulbaCourses.Web\BulbaCourses.Web.csproj", "{B1F4A35F-4B42-4448-9577-CFD2E1EF83F8}"
EndProject
Project("{2150E333-8FDC-42A3-9474-1A3956D46DE8}") = "Projects", "Projects", "{7D228997-A288-4517-8099-228414C63D57}"
EndProject
Global
	GlobalSection(SolutionConfigurationPlatforms) = preSolution
		Debug|Any CPU = Debug|Any CPU
		Release|Any CPU = Release|Any CPU
	EndGlobalSection
	GlobalSection(ProjectConfigurationPlatforms) = postSolution
		{B1F4A35F-4B42-4448-9577-CFD2E1EF83F8}.Debug|Any CPU.ActiveCfg = Debug|Any CPU
		{B1F4A35F-4B42-4448-9577-CFD2E1EF83F8}.Debug|Any CPU.Build.0 = Debug|Any CPU
		{B1F4A35F-4B42-4448-9577-CFD2E1EF83F8}.Release|Any CPU.ActiveCfg = Release|Any CPU
		{B1F4A35F-4B42-4448-9577-CFD2E1EF83F8}.Release|Any CPU.Build.0 = Release|Any CPU
	EndGlobalSection
	GlobalSection(SolutionProperties) = preSolution
		HideSolutionNode = FALSE
	EndGlobalSection
	GlobalSection(ExtensibilityGlobals) = postSolution
		SolutionGuid = {248D477B-280A-4E13-9AB8-4D9093A4EBF1}
	EndGlobalSection
EndGlobal
